{
    "_readme": [
        "This file locks the dependencies of your project to a known state",
        "Read more about it at https://getcomposer.org/doc/01-basic-usage.md#installing-dependencies",
        "This file is @generated automatically"
    ],
    "content-hash": "32c81e3d9720aab01396a1aa52f00514",
    "packages": [
        {
            "name": "justauthme/php-sdk",
            "version": "1.1.0",
            "source": {
                "type": "git",
                "url": "https://github.com/JustAuthMe/PHP-SDK.git",
                "reference": "3aacd42fde46c549c4116652c97561c160004fd7"
            },
            "dist": {
                "type": "zip",
                "url": "https://api.github.com/repos/JustAuthMe/PHP-SDK/zipball/3aacd42fde46c549c4116652c97561c160004fd7",
                "reference": "3aacd42fde46c549c4116652c97561c160004fd7",
                "shasum": ""
            },
            "require": {
                "ext-json": "*",
                "php": ">=7.1.0"
            },
            "type": "library",
            "autoload": {
                "psr-4": {
                    "JustAuthMe\\SDK\\": "src/"
                }
            },
            "notification-url": "https://packagist.org/downloads/",
            "license": [
                "mit"
            ],
            "authors": [
                {
                    "name": "Peter Cauty",
                    "email": "peter@justauth.me",
                    "homepage": "https://justauth.me"
                }
            ],
            "description": "Official PHP SDK for the JustAuthMe platform",
            "time": "2020-06-02T10:37:17+00:00"
        }
    ],
    "packages-dev": [],
    "aliases": [],
    "minimum-stability": "stable",
    "stability-flags": [],
    "prefer-stable": false,
    "prefer-lowest": false,
    "platform": {
        "php": ">=7.1"
    },
    "platform-dev": []
}
